
Microsoft Visual Studio Solution File, Format Version 12.00
# Visual Studio 15
VisualStudioVersion = 15.0.28307.902
MinimumVisualStudioVersion = 10.0.40219.1
Project("{2150E333-8FDC-42A3-9474-1A3956D46DE8}") = "Solution Items", "Solution Items", "{574159A1-9953-4E71-AE00-7E345BDD5DA9}"
	ProjectSection(SolutionItems) = preProject
		..\..\Microservice-RabbitMQ\RabbitMQ - Microservices.docx = ..\..\Microservice-RabbitMQ\RabbitMQ - Microservices.docx
	EndProjectSection
EndProject
Project("{2150E333-8FDC-42A3-9474-1A3956D46DE8}") = "Microservices", "Microservices", "{41CF6A5D-03DD-490F-AFF6-F960CE2DA096}"
EndProject
Project("{2150E333-8FDC-42A3-9474-1A3956D46DE8}") = "Domain", "Domain", "{11434E14-4365-4176-A83F-2D71F517B087}"
EndProject
Project("{2150E333-8FDC-42A3-9474-1A3956D46DE8}") = "Infra.Bus", "Infra.Bus", "{EB42B9DC-3B8C-4E5E-A6DE-8025EB52D6B2}"
EndProject
Project("{2150E333-8FDC-42A3-9474-1A3956D46DE8}") = "Infra.IOC", "Infra.IOC", "{859A0437-3C16-4125-ACD6-9EA73EAD034E}"
EndProject
Project("{2150E333-8FDC-42A3-9474-1A3956D46DE8}") = "Presentation", "Presentation", "{0EA1B96C-78FA-481A-BC93-0E39B8809E59}"
EndProject
Project("{9A19103F-16F7-4668-BE54-9A1E7A4F7556}") = "MicroRabbit.Domain.Core", "MicroRabbit.Domain.Core\MicroRabbit.Domain.Core.csproj", "{C6615186-7696-4F58-94F2-CA32B9E674E0}"
EndProject
Project("{FAE04EC0-301F-11D3-BF4B-00C04F79EFBC}") = "MicroRabbit.Infra.Bus", "MicroRabbit.Infra.Bus\MicroRabbit.Infra.Bus.csproj", "{56AA8390-A9A6-4395-B6BA-43FC14DD3B1F}"
EndProject
Project("{FAE04EC0-301F-11D3-BF4B-00C04F79EFBC}") = "MicroRabbit.Infra.IOC", "MicroRabbit.Infra.IOC\MicroRabbit.Infra.IOC.csproj", "{0485F4D6-B377-48CA-BFA2-76A47D266AA0}"
EndProject
Project("{2150E333-8FDC-42A3-9474-1A3956D46DE8}") = "Banking", "Banking", "{7F25C7E5-2563-4C27-82F2-1833E8AD71F6}"
EndProject
Project("{2150E333-8FDC-42A3-9474-1A3956D46DE8}") = "Api", "Api", "{9420A967-D3EF-4CC5-994E-F47DAC2D1FFA}"
EndProject
Project("{2150E333-8FDC-42A3-9474-1A3956D46DE8}") = "Domain", "Domain", "{82CF33CC-2683-49A1-AE97-FBFA60540B56}"
EndProject
Project("{2150E333-8FDC-42A3-9474-1A3956D46DE8}") = "Application", "Application", "{04D2F350-0F74-4E2E-8192-E19F303B8447}"
EndProject
Project("{2150E333-8FDC-42A3-9474-1A3956D46DE8}") = "Data", "Data", "{C6FA6E1E-10F8-4265-B7B3-CEF3B7D2ACAF}"
EndProject
Project("{FAE04EC0-301F-11D3-BF4B-00C04F79EFBC}") = "MicroRabbit.Banking.Api", "MicroRabbit.Banking.Api\MicroRabbit.Banking.Api.csproj", "{BCA21284-2498-4FE8-8371-1DC557A4F3F5}"
EndProject
Project("{FAE04EC0-301F-11D3-BF4B-00C04F79EFBC}") = "MicroRabbit.Banking.Application", "MicroRabbit.Banking.Application\MicroRabbit.Banking.Application.csproj", "{1CFC6012-25B8-4404-BDF2-15DFEAECD27F}"
EndProject
Project("{FAE04EC0-301F-11D3-BF4B-00C04F79EFBC}") = "MicroRabbit.Banking.Data", "MicroRabbit.Banking.Data\MicroRabbit.Banking.Data.csproj", "{45A318B0-276C-4760-AFE3-619C19873158}"
EndProject
Project("{FAE04EC0-301F-11D3-BF4B-00C04F79EFBC}") = "MicroRabbit.Banking.Domain", "MicroRabbit.Banking.Domain\MicroRabbit.Banking.Domain.csproj", "{46C12D4B-AF4A-49F4-B768-975B51C7A826}"
EndProject
Global
	GlobalSection(SolutionConfigurationPlatforms) = preSolution
		Debug|Any CPU = Debug|Any CPU
		Release|Any CPU = Release|Any CPU
	EndGlobalSection
	GlobalSection(ProjectConfigurationPlatforms) = postSolution
		{C6615186-7696-4F58-94F2-CA32B9E674E0}.Debug|Any CPU.ActiveCfg = Debug|Any CPU
		{C6615186-7696-4F58-94F2-CA32B9E674E0}.Debug|Any CPU.Build.0 = Debug|Any CPU
		{C6615186-7696-4F58-94F2-CA32B9E674E0}.Release|Any CPU.ActiveCfg = Release|Any CPU
		{C6615186-7696-4F58-94F2-CA32B9E674E0}.Release|Any CPU.Build.0 = Release|Any CPU
		{56AA8390-A9A6-4395-B6BA-43FC14DD3B1F}.Debug|Any CPU.ActiveCfg = Debug|Any CPU
		{56AA8390-A9A6-4395-B6BA-43FC14DD3B1F}.Debug|Any CPU.Build.0 = Debug|Any CPU
		{56AA8390-A9A6-4395-B6BA-43FC14DD3B1F}.Release|Any CPU.ActiveCfg = Release|Any CPU
		{56AA8390-A9A6-4395-B6BA-43FC14DD3B1F}.Release|Any CPU.Build.0 = Release|Any CPU
		{0485F4D6-B377-48CA-BFA2-76A47D266AA0}.Debug|Any CPU.ActiveCfg = Debug|Any CPU
		{0485F4D6-B377-48CA-BFA2-76A47D266AA0}.Debug|Any CPU.Build.0 = Debug|Any CPU
		{0485F4D6-B377-48CA-BFA2-76A47D266AA0}.Release|Any CPU.ActiveCfg = Release|Any CPU
		{0485F4D6-B377-48CA-BFA2-76A47D266AA0}.Release|Any CPU.Build.0 = Release|Any CPU
		{BCA21284-2498-4FE8-8371-1DC557A4F3F5}.Debug|Any CPU.ActiveCfg = Debug|Any CPU
		{BCA21284-2498-4FE8-8371-1DC557A4F3F5}.Debug|Any CPU.Build.0 = Debug|Any CPU
		{BCA21284-2498-4FE8-8371-1DC557A4F3F5}.Release|Any CPU.ActiveCfg = Release|Any CPU
		{BCA21284-2498-4FE8-8371-1DC557A4F3F5}.Release|Any CPU.Build.0 = Release|Any CPU
		{1CFC6012-25B8-4404-BDF2-15DFEAECD27F}.Debug|Any CPU.ActiveCfg = Debug|Any CPU
		{1CFC6012-25B8-4404-BDF2-15DFEAECD27F}.Debug|Any CPU.Build.0 = Debug|Any CPU
		{1CFC6012-25B8-4404-BDF2-15DFEAECD27F}.Release|Any CPU.ActiveCfg = Release|Any CPU
		{1CFC6012-25B8-4404-BDF2-15DFEAECD27F}.Release|Any CPU.Build.0 = Release|Any CPU
		{45A318B0-276C-4760-AFE3-619C19873158}.Debug|Any CPU.ActiveCfg = Debug|Any CPU
		{45A318B0-276C-4760-AFE3-619C19873158}.Debug|Any CPU.Build.0 = Debug|Any CPU
		{45A318B0-276C-4760-AFE3-619C19873158}.Release|Any CPU.ActiveCfg = Release|Any CPU
		{45A318B0-276C-4760-AFE3-619C19873158}.Release|Any CPU.Build.0 = Release|Any CPU
		{46C12D4B-AF4A-49F4-B768-975B51C7A826}.Debug|Any CPU.ActiveCfg = Debug|Any CPU
		{46C12D4B-AF4A-49F4-B768-975B51C7A826}.Debug|Any CPU.Build.0 = Debug|Any CPU
		{46C12D4B-AF4A-49F4-B768-975B51C7A826}.Release|Any CPU.ActiveCfg = Release|Any CPU
		{46C12D4B-AF4A-49F4-B768-975B51C7A826}.Release|Any CPU.Build.0 = Release|Any CPU
	EndGlobalSection
	GlobalSection(SolutionProperties) = preSolution
		HideSolutionNode = FALSE
	EndGlobalSection
	GlobalSection(NestedProjects) = preSolution
		{C6615186-7696-4F58-94F2-CA32B9E674E0} = {11434E14-4365-4176-A83F-2D71F517B087}
		{56AA8390-A9A6-4395-B6BA-43FC14DD3B1F} = {EB42B9DC-3B8C-4E5E-A6DE-8025EB52D6B2}
		{0485F4D6-B377-48CA-BFA2-76A47D266AA0} = {859A0437-3C16-4125-ACD6-9EA73EAD034E}
		{7F25C7E5-2563-4C27-82F2-1833E8AD71F6} = {41CF6A5D-03DD-490F-AFF6-F960CE2DA096}
		{9420A967-D3EF-4CC5-994E-F47DAC2D1FFA} = {7F25C7E5-2563-4C27-82F2-1833E8AD71F6}
		{82CF33CC-2683-49A1-AE97-FBFA60540B56} = {7F25C7E5-2563-4C27-82F2-1833E8AD71F6}
		{04D2F350-0F74-4E2E-8192-E19F303B8447} = {7F25C7E5-2563-4C27-82F2-1833E8AD71F6}
		{C6FA6E1E-10F8-4265-B7B3-CEF3B7D2ACAF} = {7F25C7E5-2563-4C27-82F2-1833E8AD71F6}
		{BCA21284-2498-4FE8-8371-1DC557A4F3F5} = {9420A967-D3EF-4CC5-994E-F47DAC2D1FFA}
		{1CFC6012-25B8-4404-BDF2-15DFEAECD27F} = {04D2F350-0F74-4E2E-8192-E19F303B8447}
		{45A318B0-276C-4760-AFE3-619C19873158} = {C6FA6E1E-10F8-4265-B7B3-CEF3B7D2ACAF}
		{46C12D4B-AF4A-49F4-B768-975B51C7A826} = {82CF33CC-2683-49A1-AE97-FBFA60540B56}
	EndGlobalSection
	GlobalSection(ExtensibilityGlobals) = postSolution
		SolutionGuid = {EEE57E62-A363-4DFC-870A-4F9F701A84CA}
	EndGlobalSection
EndGlobal
